
Microsoft Visual Studio Solution File, Format Version 12.00
# Visual Studio Version 17
VisualStudioVersion = 17.12.35506.116
MinimumVisualStudioVersion = 10.0.40219.1
Project("{FAE04EC0-301F-11D3-BF4B-00C04F79EFBC}") = "Kladovka", "Kladovka\Kladovka.csproj", "{5255C606-6903-4835-8115-C83C62F48411}"
EndProject
Project("{FAE04EC0-301F-11D3-BF4B-00C04F79EFBC}") = "Security", "Security\Security.csproj", "{FE576129-5AB1-4D03-9F0D-294E3C9896F5}"
	ProjectSection(ProjectDependencies) = postProject
		{5255C606-6903-4835-8115-C83C62F48411} = {5255C606-6903-4835-8115-C83C62F48411}
	EndProjectSection
EndProject
Project("{E53339B2-1760-4266-BCC7-CA923CBCF16C}") = "docker-compose", "docker-compose.dcproj", "{70DD5536-C1FC-4F49-BB79-D8889B479B81}"
EndProject
Project("{FAE04EC0-301F-11D3-BF4B-00C04F79EFBC}") = "PersonalAccount", "..\PersonalAccount\PersonalAccount.csproj", "{4FE14432-7BE4-4926-BE97-69E2DB3D3C8C}"
EndProject
Global
	GlobalSection(SolutionConfigurationPlatforms) = preSolution
		Debug|Any CPU = Debug|Any CPU
		Release|Any CPU = Release|Any CPU
	EndGlobalSection
	GlobalSection(ProjectConfigurationPlatforms) = postSolution
		{5255C606-6903-4835-8115-C83C62F48411}.Debug|Any CPU.ActiveCfg = Debug|Any CPU
		{5255C606-6903-4835-8115-C83C62F48411}.Debug|Any CPU.Build.0 = Debug|Any CPU
		{5255C606-6903-4835-8115-C83C62F48411}.Release|Any CPU.ActiveCfg = Release|Any CPU
		{5255C606-6903-4835-8115-C83C62F48411}.Release|Any CPU.Build.0 = Release|Any CPU
		{FE576129-5AB1-4D03-9F0D-294E3C9896F5}.Debug|Any CPU.ActiveCfg = Debug|Any CPU
		{FE576129-5AB1-4D03-9F0D-294E3C9896F5}.Debug|Any CPU.Build.0 = Debug|Any CPU
		{FE576129-5AB1-4D03-9F0D-294E3C9896F5}.Release|Any CPU.ActiveCfg = Release|Any CPU
		{FE576129-5AB1-4D03-9F0D-294E3C9896F5}.Release|Any CPU.Build.0 = Release|Any CPU
		{70DD5536-C1FC-4F49-BB79-D8889B479B81}.Debug|Any CPU.ActiveCfg = Debug|Any CPU
		{70DD5536-C1FC-4F49-BB79-D8889B479B81}.Debug|Any CPU.Build.0 = Debug|Any CPU
		{70DD5536-C1FC-4F49-BB79-D8889B479B81}.Release|Any CPU.ActiveCfg = Release|Any CPU
		{70DD5536-C1FC-4F49-BB79-D8889B479B81}.Release|Any CPU.Build.0 = Release|Any CPU
		{4FE14432-7BE4-4926-BE97-69E2DB3D3C8C}.Debug|Any CPU.ActiveCfg = Debug|Any CPU
		{4FE14432-7BE4-4926-BE97-69E2DB3D3C8C}.Debug|Any CPU.Build.0 = Debug|Any CPU
		{4FE14432-7BE4-4926-BE97-69E2DB3D3C8C}.Release|Any CPU.ActiveCfg = Release|Any CPU
		{4FE14432-7BE4-4926-BE97-69E2DB3D3C8C}.Release|Any CPU.Build.0 = Release|Any CPU
	EndGlobalSection
	GlobalSection(SolutionProperties) = preSolution
		HideSolutionNode = FALSE
	EndGlobalSection
EndGlobal
